
Microsoft Visual Studio Solution File, Format Version 12.00
# Visual Studio 2012
Project("{FAE04EC0-301F-11D3-BF4B-00C04F79EFBC}") = "QAScraper", "QAScraper\QAScraper.csproj", "{68C60801-528B-4F4B-83E0-5B9ECDCDAEC4}"
EndProject
Global
	GlobalSection(SolutionConfigurationPlatforms) = preSolution
		Debug|Any CPU = Debug|Any CPU
		Release|Any CPU = Release|Any CPU
	EndGlobalSection
	GlobalSection(ProjectConfigurationPlatforms) = postSolution
		{68C60801-528B-4F4B-83E0-5B9ECDCDAEC4}.Debug|Any CPU.ActiveCfg = Debug|Any CPU
		{68C60801-528B-4F4B-83E0-5B9ECDCDAEC4}.Debug|Any CPU.Build.0 = Debug|Any CPU
		{68C60801-528B-4F4B-83E0-5B9ECDCDAEC4}.Release|Any CPU.ActiveCfg = Release|Any CPU
		{68C60801-528B-4F4B-83E0-5B9ECDCDAEC4}.Release|Any CPU.Build.0 = Release|Any CPU
	EndGlobalSection
	GlobalSection(SolutionProperties) = preSolution
		HideSolutionNode = FALSE
	EndGlobalSection
EndGlobal
